
Microsoft Visual Studio Solution File, Format Version 12.00
# Visual Studio Version 17
VisualStudioVersion = 17.11.35327.3
MinimumVisualStudioVersion = 10.0.40219.1
Project("{FAE04EC0-301F-11D3-BF4B-00C04F79EFBC}") = "AppCombustível", "AppCombustível\AppCombustível.csproj", "{016227D1-DAE4-4DF5-B58F-B16BF17D468C}"
EndProject
Global
	GlobalSection(SolutionConfigurationPlatforms) = preSolution
		Debug|Any CPU = Debug|Any CPU
		Release|Any CPU = Release|Any CPU
	EndGlobalSection
	GlobalSection(ProjectConfigurationPlatforms) = postSolution
		{016227D1-DAE4-4DF5-B58F-B16BF17D468C}.Debug|Any CPU.ActiveCfg = Debug|Any CPU
		{016227D1-DAE4-4DF5-B58F-B16BF17D468C}.Debug|Any CPU.Build.0 = Debug|Any CPU
		{016227D1-DAE4-4DF5-B58F-B16BF17D468C}.Debug|Any CPU.Deploy.0 = Debug|Any CPU
		{016227D1-DAE4-4DF5-B58F-B16BF17D468C}.Release|Any CPU.ActiveCfg = Release|Any CPU
		{016227D1-DAE4-4DF5-B58F-B16BF17D468C}.Release|Any CPU.Build.0 = Release|Any CPU
		{016227D1-DAE4-4DF5-B58F-B16BF17D468C}.Release|Any CPU.Deploy.0 = Release|Any CPU
	EndGlobalSection
	GlobalSection(SolutionProperties) = preSolution
		HideSolutionNode = FALSE
	EndGlobalSection
	GlobalSection(ExtensibilityGlobals) = postSolution
		SolutionGuid = {2F1EEE4B-F4FF-45AE-B1FC-97D932150D1A}
	EndGlobalSection
EndGlobal
